
Microsoft Visual Studio Solution File, Format Version 11.00
# Visual Studio 2010
Project("{FAE04EC0-301F-11D3-BF4B-00C04F79EFBC}") = "SW_Membership_Assignment2", "SW_Membership_Assignment2\SW_Membership_Assignment2.csproj", "{1D684298-02D2-4A56-874C-5B62F7FAA432}"
EndProject
Global
	GlobalSection(SolutionConfigurationPlatforms) = preSolution
		Debug|x86 = Debug|x86
		Release|x86 = Release|x86
	EndGlobalSection
	GlobalSection(ProjectConfigurationPlatforms) = postSolution
		{1D684298-02D2-4A56-874C-5B62F7FAA432}.Debug|x86.ActiveCfg = Debug|x86
		{1D684298-02D2-4A56-874C-5B62F7FAA432}.Debug|x86.Build.0 = Debug|x86
		{1D684298-02D2-4A56-874C-5B62F7FAA432}.Release|x86.ActiveCfg = Release|x86
		{1D684298-02D2-4A56-874C-5B62F7FAA432}.Release|x86.Build.0 = Release|x86
	EndGlobalSection
	GlobalSection(SolutionProperties) = preSolution
		HideSolutionNode = FALSE
	EndGlobalSection
EndGlobal
